
Microsoft Visual Studio Solution File, Format Version 12.00
# Visual Studio Version 17
VisualStudioVersion = 17.5.33627.172
MinimumVisualStudioVersion = 10.0.40219.1
Project("{FAE04EC0-301F-11D3-BF4B-00C04F79EFBC}") = "Testy - podmínky a cykly", "Testy - podmínky a cykly\Testy - podmínky a cykly.csproj", "{2BA9ECFA-5EE6-4B31-8661-5EA4A4784AC4}"
EndProject
Global
	GlobalSection(SolutionConfigurationPlatforms) = preSolution
		Debug|Any CPU = Debug|Any CPU
		Release|Any CPU = Release|Any CPU
	EndGlobalSection
	GlobalSection(ProjectConfigurationPlatforms) = postSolution
		{2BA9ECFA-5EE6-4B31-8661-5EA4A4784AC4}.Debug|Any CPU.ActiveCfg = Debug|Any CPU
		{2BA9ECFA-5EE6-4B31-8661-5EA4A4784AC4}.Debug|Any CPU.Build.0 = Debug|Any CPU
		{2BA9ECFA-5EE6-4B31-8661-5EA4A4784AC4}.Release|Any CPU.ActiveCfg = Release|Any CPU
		{2BA9ECFA-5EE6-4B31-8661-5EA4A4784AC4}.Release|Any CPU.Build.0 = Release|Any CPU
	EndGlobalSection
	GlobalSection(SolutionProperties) = preSolution
		HideSolutionNode = FALSE
	EndGlobalSection
	GlobalSection(ExtensibilityGlobals) = postSolution
		SolutionGuid = {EE70616C-7E8D-453D-96B5-1A60CB7C3E9E}
	EndGlobalSection
EndGlobal
